
Microsoft Visual Studio Solution File, Format Version 12.00
# Visual Studio Version 17
VisualStudioVersion = 17.2.32616.157
MinimumVisualStudioVersion = 10.0.40219.1
Project("{9A19103F-16F7-4668-BE54-9A1E7A4F7556}") = "FactoryPattern", "FactoryPattern\FactoryPattern.csproj", "{6947680C-671A-41B6-8298-320C44AABFD6}"
EndProject
Project("{9A19103F-16F7-4668-BE54-9A1E7A4F7556}") = "FactoryPatternTests", "FactoryPatternTests\FactoryPatternTests.csproj", "{9E2419BF-12E1-4EBD-8931-1CEC6A1CDF7F}"
	ProjectSection(ProjectDependencies) = postProject
		{6947680C-671A-41B6-8298-320C44AABFD6} = {6947680C-671A-41B6-8298-320C44AABFD6}
	EndProjectSection
EndProject
Project("{FAE04EC0-301F-11D3-BF4B-00C04F79EFBC}") = "FactoryMethodPattern", "FactoryMethodPattern\FactoryMethodPattern.csproj", "{854AE2B7-BFFD-4678-A7A1-B0689EC301C5}"
EndProject
Global
	GlobalSection(SolutionConfigurationPlatforms) = preSolution
		Debug|Any CPU = Debug|Any CPU
		Release|Any CPU = Release|Any CPU
	EndGlobalSection
	GlobalSection(ProjectConfigurationPlatforms) = postSolution
		{6947680C-671A-41B6-8298-320C44AABFD6}.Debug|Any CPU.ActiveCfg = Debug|Any CPU
		{6947680C-671A-41B6-8298-320C44AABFD6}.Debug|Any CPU.Build.0 = Debug|Any CPU
		{6947680C-671A-41B6-8298-320C44AABFD6}.Release|Any CPU.ActiveCfg = Release|Any CPU
		{6947680C-671A-41B6-8298-320C44AABFD6}.Release|Any CPU.Build.0 = Release|Any CPU
		{9E2419BF-12E1-4EBD-8931-1CEC6A1CDF7F}.Debug|Any CPU.ActiveCfg = Debug|Any CPU
		{9E2419BF-12E1-4EBD-8931-1CEC6A1CDF7F}.Debug|Any CPU.Build.0 = Debug|Any CPU
		{9E2419BF-12E1-4EBD-8931-1CEC6A1CDF7F}.Release|Any CPU.ActiveCfg = Release|Any CPU
		{9E2419BF-12E1-4EBD-8931-1CEC6A1CDF7F}.Release|Any CPU.Build.0 = Release|Any CPU
		{854AE2B7-BFFD-4678-A7A1-B0689EC301C5}.Debug|Any CPU.ActiveCfg = Debug|Any CPU
		{854AE2B7-BFFD-4678-A7A1-B0689EC301C5}.Debug|Any CPU.Build.0 = Debug|Any CPU
		{854AE2B7-BFFD-4678-A7A1-B0689EC301C5}.Release|Any CPU.ActiveCfg = Release|Any CPU
		{854AE2B7-BFFD-4678-A7A1-B0689EC301C5}.Release|Any CPU.Build.0 = Release|Any CPU
	EndGlobalSection
	GlobalSection(SolutionProperties) = preSolution
		HideSolutionNode = FALSE
	EndGlobalSection
	GlobalSection(ExtensibilityGlobals) = postSolution
		SolutionGuid = {3E2D1E9A-CE7B-4FA5-8291-D04E7170F4E7}
	EndGlobalSection
EndGlobal
